
Microsoft Visual Studio Solution File, Format Version 12.00
# Visual Studio Version 17
VisualStudioVersion = 17.4.33205.214
MinimumVisualStudioVersion = 10.0.40219.1
Project("{FAE04EC0-301F-11D3-BF4B-00C04F79EFBC}") = "Abstract", "Abstract\Abstract.csproj", "{94272020-2DF0-4D52-A862-967CFCDCE453}"
EndProject
Global
	GlobalSection(SolutionConfigurationPlatforms) = preSolution
		Debug|Any CPU = Debug|Any CPU
		Release|Any CPU = Release|Any CPU
	EndGlobalSection
	GlobalSection(ProjectConfigurationPlatforms) = postSolution
		{94272020-2DF0-4D52-A862-967CFCDCE453}.Debug|Any CPU.ActiveCfg = Debug|Any CPU
		{94272020-2DF0-4D52-A862-967CFCDCE453}.Debug|Any CPU.Build.0 = Debug|Any CPU
		{94272020-2DF0-4D52-A862-967CFCDCE453}.Release|Any CPU.ActiveCfg = Release|Any CPU
		{94272020-2DF0-4D52-A862-967CFCDCE453}.Release|Any CPU.Build.0 = Release|Any CPU
	EndGlobalSection
	GlobalSection(SolutionProperties) = preSolution
		HideSolutionNode = FALSE
	EndGlobalSection
	GlobalSection(ExtensibilityGlobals) = postSolution
		SolutionGuid = {AD12A43A-8F77-45D8-A75C-A51E326C18FF}
	EndGlobalSection
EndGlobal
